
Microsoft Visual Studio Solution File, Format Version 12.00
# Visual Studio Version 17
VisualStudioVersion = 17.4.33213.308
MinimumVisualStudioVersion = 10.0.40219.1
Project("{FAE04EC0-301F-11D3-BF4B-00C04F79EFBC}") = "APIonetomany", "APIonetomany\APIonetomany.csproj", "{547C1AA2-D12B-4981-9BC1-616696797F95}"
EndProject
Global
	GlobalSection(SolutionConfigurationPlatforms) = preSolution
		Debug|Any CPU = Debug|Any CPU
		Release|Any CPU = Release|Any CPU
	EndGlobalSection
	GlobalSection(ProjectConfigurationPlatforms) = postSolution
		{547C1AA2-D12B-4981-9BC1-616696797F95}.Debug|Any CPU.ActiveCfg = Debug|Any CPU
		{547C1AA2-D12B-4981-9BC1-616696797F95}.Debug|Any CPU.Build.0 = Debug|Any CPU
		{547C1AA2-D12B-4981-9BC1-616696797F95}.Release|Any CPU.ActiveCfg = Release|Any CPU
		{547C1AA2-D12B-4981-9BC1-616696797F95}.Release|Any CPU.Build.0 = Release|Any CPU
	EndGlobalSection
	GlobalSection(SolutionProperties) = preSolution
		HideSolutionNode = FALSE
	EndGlobalSection
	GlobalSection(ExtensibilityGlobals) = postSolution
		SolutionGuid = {990E654D-0D2D-40EC-AE29-EECAA3CF88BD}
	EndGlobalSection
EndGlobal
